
Microsoft Visual Studio Solution File, Format Version 12.00
# Visual Studio Version 17
VisualStudioVersion = 17.11.35327.3
MinimumVisualStudioVersion = 10.0.40219.1
Project("{FAE04EC0-301F-11D3-BF4B-00C04F79EFBC}") = "BagrutTashpad4Makhlakot", "BagrutTashpad4Makhlakot\BagrutTashpad4Makhlakot.csproj", "{3F810B78-C4C8-41F9-9136-CF2570F84AF0}"
EndProject
Global
	GlobalSection(SolutionConfigurationPlatforms) = preSolution
		Debug|Any CPU = Debug|Any CPU
		Release|Any CPU = Release|Any CPU
	EndGlobalSection
	GlobalSection(ProjectConfigurationPlatforms) = postSolution
		{3F810B78-C4C8-41F9-9136-CF2570F84AF0}.Debug|Any CPU.ActiveCfg = Debug|Any CPU
		{3F810B78-C4C8-41F9-9136-CF2570F84AF0}.Debug|Any CPU.Build.0 = Debug|Any CPU
		{3F810B78-C4C8-41F9-9136-CF2570F84AF0}.Release|Any CPU.ActiveCfg = Release|Any CPU
		{3F810B78-C4C8-41F9-9136-CF2570F84AF0}.Release|Any CPU.Build.0 = Release|Any CPU
	EndGlobalSection
	GlobalSection(SolutionProperties) = preSolution
		HideSolutionNode = FALSE
	EndGlobalSection
	GlobalSection(ExtensibilityGlobals) = postSolution
		SolutionGuid = {55637A15-E6C9-43BB-B340-1D0A5B49F689}
	EndGlobalSection
EndGlobal
